
Microsoft Visual Studio Solution File, Format Version 12.00
# Visual Studio 14
VisualStudioVersion = 14.0.25420.1
MinimumVisualStudioVersion = 10.0.40219.1
Project("{FAE04EC0-301F-11D3-BF4B-00C04F79EFBC}") = "TS.Web.BLL", "TS.Web.BLL\TS.Web.BLL.csproj", "{02CC87DD-8CD2-4913-B23C-8ED07C30D6F6}"
EndProject
Project("{FAE04EC0-301F-11D3-BF4B-00C04F79EFBC}") = "TS.Web.DAL", "TS.Web.DAL\TS.Web.DAL.csproj", "{A9CF39DD-B90D-4C84-ABDE-6E1910C6444F}"
EndProject
Project("{FAE04EC0-301F-11D3-BF4B-00C04F79EFBC}") = "TS.Web.MODEL", "TS.Web.MODEL\TS.Web.MODEL.csproj", "{F68C21DA-125F-4C02-937F-A9CDDA029CCF}"
EndProject
Project("{2150E333-8FDC-42A3-9474-1A3956D46DE8}") = "Backend", "Backend", "{24C1E75E-84DF-406F-B720-9A3DDBCF1124}"
EndProject
Project("{2150E333-8FDC-42A3-9474-1A3956D46DE8}") = "Frontend", "Frontend", "{C3C3AAE8-4AC7-4314-8564-B8E4BE43355E}"
EndProject
Project("{FAE04EC0-301F-11D3-BF4B-00C04F79EFBC}") = "TS.Web.UI", "TS.Web.UI\TS.Web.UI.csproj", "{BBD61A72-499B-4F04-BBC3-08D08307ED8E}"
EndProject
Global
	GlobalSection(SolutionConfigurationPlatforms) = preSolution
		Debug|Any CPU = Debug|Any CPU
		Release|Any CPU = Release|Any CPU
	EndGlobalSection
	GlobalSection(ProjectConfigurationPlatforms) = postSolution
		{02CC87DD-8CD2-4913-B23C-8ED07C30D6F6}.Debug|Any CPU.ActiveCfg = Debug|Any CPU
		{02CC87DD-8CD2-4913-B23C-8ED07C30D6F6}.Debug|Any CPU.Build.0 = Debug|Any CPU
		{02CC87DD-8CD2-4913-B23C-8ED07C30D6F6}.Release|Any CPU.ActiveCfg = Release|Any CPU
		{02CC87DD-8CD2-4913-B23C-8ED07C30D6F6}.Release|Any CPU.Build.0 = Release|Any CPU
		{A9CF39DD-B90D-4C84-ABDE-6E1910C6444F}.Debug|Any CPU.ActiveCfg = Debug|Any CPU
		{A9CF39DD-B90D-4C84-ABDE-6E1910C6444F}.Debug|Any CPU.Build.0 = Debug|Any CPU
		{A9CF39DD-B90D-4C84-ABDE-6E1910C6444F}.Release|Any CPU.ActiveCfg = Release|Any CPU
		{A9CF39DD-B90D-4C84-ABDE-6E1910C6444F}.Release|Any CPU.Build.0 = Release|Any CPU
		{F68C21DA-125F-4C02-937F-A9CDDA029CCF}.Debug|Any CPU.ActiveCfg = Debug|Any CPU
		{F68C21DA-125F-4C02-937F-A9CDDA029CCF}.Debug|Any CPU.Build.0 = Debug|Any CPU
		{F68C21DA-125F-4C02-937F-A9CDDA029CCF}.Release|Any CPU.ActiveCfg = Release|Any CPU
		{F68C21DA-125F-4C02-937F-A9CDDA029CCF}.Release|Any CPU.Build.0 = Release|Any CPU
		{BBD61A72-499B-4F04-BBC3-08D08307ED8E}.Debug|Any CPU.ActiveCfg = Debug|Any CPU
		{BBD61A72-499B-4F04-BBC3-08D08307ED8E}.Debug|Any CPU.Build.0 = Debug|Any CPU
		{BBD61A72-499B-4F04-BBC3-08D08307ED8E}.Release|Any CPU.ActiveCfg = Release|Any CPU
		{BBD61A72-499B-4F04-BBC3-08D08307ED8E}.Release|Any CPU.Build.0 = Release|Any CPU
	EndGlobalSection
	GlobalSection(SolutionProperties) = preSolution
		HideSolutionNode = FALSE
	EndGlobalSection
	GlobalSection(NestedProjects) = preSolution
		{02CC87DD-8CD2-4913-B23C-8ED07C30D6F6} = {24C1E75E-84DF-406F-B720-9A3DDBCF1124}
		{A9CF39DD-B90D-4C84-ABDE-6E1910C6444F} = {24C1E75E-84DF-406F-B720-9A3DDBCF1124}
		{F68C21DA-125F-4C02-937F-A9CDDA029CCF} = {24C1E75E-84DF-406F-B720-9A3DDBCF1124}
		{BBD61A72-499B-4F04-BBC3-08D08307ED8E} = {C3C3AAE8-4AC7-4314-8564-B8E4BE43355E}
	EndGlobalSection
EndGlobal
